// !$*UTF8*$!
{
	archiveVersion = 1;
	classes = {
	};
	objectVersion = 55;
	objects = {

/* Begin PBXBuildFile section */
		6D53098C2C5C5122008F1690 /* contacts.swift in Sources */ = {isa = PBXBuildFile; fileRef = 6D53098B2C5C5122008F1690 /* contacts.swift */; };
		6D53098E2C5C549D008F1690 /* customcell.swift in Sources */ = {isa = PBXBuildFile; fileRef = 6D53098D2C5C549D008F1690 /* customcell.swift */; };
		6DF799202C4DD9BA008ABD14 /* AppDelegate.swift in Sources */ = {isa = PBXBuildFile; fileRef = 6DF7991F2C4DD9BA008ABD14 /* AppDelegate.swift */; };
		6DF799222C4DD9BA008ABD14 /* SceneDelegate.swift in Sources */ = {isa = PBXBuildFile; fileRef = 6DF799212C4DD9BA008ABD14 /* SceneDelegate.swift */; };
		6DF799242C4DD9BA008ABD14 /* ViewController.swift in Sources */ = {isa = PBXBuildFile; fileRef = 6DF799232C4DD9BA008ABD14 /* ViewController.swift */; };
		6DF799272C4DD9BA008ABD14 /* Main.storyboard in Resources */ = {isa = PBXBuildFile; fileRef = 6DF799252C4DD9BA008ABD14 /* Main.storyboard */; };
		6DF799292C4DD9BE008ABD14 /* Assets.xcassets in Resources */ = {isa = PBXBuildFile; fileRef = 6DF799282C4DD9BE008ABD14 /* Assets.xcassets */; };
		6DF7992C2C4DD9BE008ABD14 /* LaunchScreen.storyboard in Resources */ = {isa = PBXBuildFile; fileRef = 6DF7992A2C4DD9BE008ABD14 /* LaunchScreen.storyboard */; };
/* End PBXBuildFile section */

/* Begin PBXFileReference section */
		6D53098B2C5C5122008F1690 /* contacts.swift */ = {isa = PBXFileReference; lastKnownFileType = sourcecode.swift; path = contacts.swift; sourceTree = "<group>"; };
		6D53098D2C5C549D008F1690 /* customcell.swift */ = {isa = PBXFileReference; lastKnownFileType = sourcecode.swift; path = customcell.swift; sourceTree = "<group>"; };
		6DF7991C2C4DD9BA008ABD14 /* contact list.app */ = {isa = PBXFileReference; explicitFileType = wrapper.application; includeInIndex = 0; path = "contact list.app"; sourceTree = BUILT_PRODUCTS_DIR; };
		6DF7991F2C4DD9BA008ABD14 /* AppDelegate.swift */ = {isa = PBXFileReference; lastKnownFileType = sourcecode.swift; path = AppDelegate.swift; sourceTree = "<group>"; };
		6DF799212C4DD9BA008ABD14 /* SceneDelegate.swift */ = {isa = PBXFileReference; lastKnownFileType = sourcecode.swift; path = SceneDelegate.swift; sourceTree = "<group>"; };
		6DF799232C4DD9BA008ABD14 /* ViewController.swift */ = {isa = PBXFileReference; lastKnownFileType = sourcecode.swift; path = ViewController.swift; sourceTree = "<group>"; };
		6DF799262C4DD9BA008ABD14 /* Base */ = {isa = PBXFileReference; lastKnownFileType = file.storyboard; name = Base; path = Base.lproj/Main.storyboard; sourceTree = "<group>"; };
		6DF799282C4DD9BE008ABD14 /* Assets.xcassets */ = {isa = PBXFileReference; lastKnownFileType = folder.assetcatalog; path = Assets.xcassets; sourceTree = "<group>"; };
		6DF7992B2C4DD9BE008ABD14 /* Base */ = {isa = PBXFileReference; lastKnownFileType = file.storyboard; name = Base; path = Base.lproj/LaunchScreen.storyboard; sourceTree = "<group>"; };
		6DF7992D2C4DD9BE008ABD14 /* Info.plist */ = {isa = PBXFileReference; lastKnownFileType = text.plist.xml; path = Info.plist; sourceTree = "<group>"; };
/* End PBXFileReference section */

/* Begin PBXFrameworksBuildPhase section */
		6DF799192C4DD9BA008ABD14 /* Frameworks */ = {
			isa = PBXFrameworksBuildPhase;
			buildActionMask = 2147483647;
			files = (
			);
			runOnlyForDeploymentPostprocessing = 0;
		};
/* End PBXFrameworksBuildPhase section */

/* Begin PBXGroup section */
		6DF799132C4DD9BA008ABD14 = {
			isa = PBXGroup;
			children = (
				6DF7991E2C4DD9BA008ABD14 /* contact list */,
				6DF7991D2C4DD9BA008ABD14 /* Products */,
			);
			sourceTree = "<group>";
		};
		6DF7991D2C4DD9BA008ABD14 /* Products */ = {
			isa = PBXGroup;
			children = (
				6DF7991C2C4DD9BA008ABD14 /* contact list.app */,
			);
			name = Products;
			sourceTree = "<group>";
		};
		6DF7991E2C4DD9BA008ABD14 /* contact list */ = {
			isa = PBXGroup;
			children = (
				6D53098D2C5C549D008F1690 /* customcell.swift */,
				6D53098B2C5C5122008F1690 /* contacts.swift */,
				6DF7991F2C4DD9BA008ABD14 /* AppDelegate.swift */,
				6DF799212C4DD9BA008ABD14 /* SceneDelegate.swift */,
				6DF799232C4DD9BA008ABD14 /* ViewController.swift */,
				6DF799252C4DD9BA008ABD14 /* Main.storyboard */,
				6DF799282C4DD9BE008ABD14 /* Assets.xcassets */,
				6DF7992A2C4DD9BE008ABD14 /* LaunchScreen.storyboard */,
				6DF7992D2C4DD9BE008ABD14 /* Info.plist */,
			);
			path = "contact list";
			sourceTree = "<group>";
		};
/* End PBXGroup section */

/* Begin PBXNativeTarget section */
		6DF7991B2C4DD9BA008ABD14 /* contact list */ = {
			isa = PBXNativeTarget;
			buildConfigurationList = 6DF799302C4DD9BE008ABD14 /* Build configuration list for PBXNativeTarget "contact list" */;
			buildPhases = (
				6DF799182C4DD9BA008ABD14 /* Sources */,
				6DF799192C4DD9BA008ABD14 /* Frameworks */,
				6DF7991A2C4DD9BA008ABD14 /* Resources */,
			);
			buildRules = (
			);
			dependencies = (
			);
			name = "contact list";
			productName = "contact list";
			productReference = 6DF7991C2C4DD9BA008ABD14 /* contact list.app */;
			productType = "com.apple.product-type.application";
		};
/* End PBXNativeTarget section */

/* Begin PBXProject section */
		6DF799142C4DD9BA008ABD14 /* Project object */ = {
			isa = PBXProject;
			attributes = {
				BuildIndependentTargetsInParallel = 1;
				LastSwiftUpdateCheck = 1340;
				LastUpgradeCheck = 1340;
				TargetAttributes = {
					6DF7991B2C4DD9BA008ABD14 = {
						CreatedOnToolsVersion = 13.4.1;
					};
				};
			};
			buildConfigurationList = 6DF799172C4DD9BA008ABD14 /* Build configuration list for PBXProject "contact list" */;
			compatibilityVersion = "Xcode 13.0";
			developmentRegion = en;
			hasScannedForEncodings = 0;
			knownRegions = (
				en,
				Base,
			);
			mainGroup = 6DF799132C4DD9BA008ABD14;
			productRefGroup = 6DF7991D2C4DD9BA008ABD14 /* Products */;
			projectDirPath = "";
			projectRoot = "";
			targets = (
				6DF7991B2C4DD9BA008ABD14 /* contact list */,
			);
		};
/* End PBXProject section */

/* Begin PBXResourcesBuildPhase section */
		6DF7991A2C4DD9BA008ABD14 /* Resources */ = {
			isa = PBXResourcesBuildPhase;
			buildActionMask = 2147483647;
			files = (
				6DF7992C2C4DD9BE008ABD14 /* LaunchScreen.storyboard in Resources */,
				6DF799292C4DD9BE008ABD14 /* Assets.xcassets in Resources */,
				6DF799272C4DD9BA008ABD14 /* Main.storyboard in Resources */,
			);
			runOnlyForDeploymentPostprocessing = 0;
		};
/* End PBXResourcesBuildPhase section */

/* Begin PBXSourcesBuildPhase section */
		6DF799182C4DD9BA008ABD14 /* Sources */ = {
			isa = PBXSourcesBuildPhase;
			buildActionMask = 2147483647;
			files = (
				6D53098E2C5C549D008F1690 /* customcell.swift in Sources */,
				6D53098C2C5C5122008F1690 /* contacts.swift in Sources */,
				6DF799242C4DD9BA008ABD14 /* ViewController.swift in Sources */,
				6DF799202C4DD9BA008ABD14 /* AppDelegate.swift in Sources */,
				6DF799222C4DD9BA008ABD14 /* SceneDelegate.swift in Sources */,
			);
			runOnlyForDeploymentPostprocessing = 0;
		};
/* End PBXSourcesBuildPhase section */

/* Begin PBXVariantGroup section */
		6DF799252C4DD9BA008ABD14 /* Main.storyboard */ = {
			isa = PBXVariantGroup;
			children = (
				6DF799262C4DD9BA008ABD14 /* Base */,
			);
			name = Main.storyboard;
			sourceTree = "<group>";
		};
		6DF7992A2C4DD9BE008ABD14 /* LaunchScreen.storyboard */ = {
			isa = PBXVariantGroup;
			children = (
				6DF7992B2C4DD9BE008ABD14 /* Base */,
			);
			name = LaunchScreen.storyboard;
			sourceTree = "<group>";
		};
/* End PBXVariantGroup section */

/* Begin XCBuildConfiguration section */
		6DF7992E2C4DD9BE008ABD14 /* Debug */ = {
			isa = XCBuildConfiguration;
			buildSettings = {
				ALWAYS_SEARCH_USER_PATHS = NO;
				CLANG_ANALYZER_NONNULL = YES;
				CLANG_ANALYZER_NUMBER_OBJECT_CONVERSION = YES_AGGRESSIVE;
				CLANG_CXX_LANGUAGE_STANDARD = "gnu++17";
				CLANG_ENABLE_MODULES = YES;
				CLANG_ENABLE_OBJC_ARC = YES;
				CLANG_ENABLE_OBJC_WEAK = YES;
				CLANG_WARN_BLOCK_CAPTURE_AUTORELEASING = YES;
				CLANG_WARN_BOOL_CONVERSION = YES;
				CLANG_WARN_COMMA = YES;
				CLANG_WARN_CONSTANT_CONVERSION = YES;
				CLANG_WARN_DEPRECATED_OBJC_IMPLEMENTATIONS = YES;
				CLANG_WARN_DIRECT_OBJC_ISA_USAGE = YES_ERROR;
				CLANG_WARN_DOCUMENTATION_COMMENTS = YES;
				CLANG_WARN_EMPTY_BODY = YES;
				CLANG_WARN_ENUM_CONVERSION = YES;
				CLANG_WARN_INFINITE_RECURSION = YES;
				CLANG_WARN_INT_CONVERSION = YES;
				CLANG_WARN_NON_LITERAL_NULL_CONVERSION = YES;
				CLANG_WARN_OBJC_IMPLICIT_RETAIN_SELF = YES;
				CLANG_WARN_OBJC_LITERAL_CONVERSION = YES;
				CLANG_WARN_OBJC_ROOT_CLASS = YES_ERROR;
				CLANG_WARN_QUOTED_INCLUDE_IN_FRAMEWORK_HEADER = YES;
				CLANG_WARN_RANGE_LOOP_ANALYSIS = YES;
				CLANG_WARN_STRICT_PROTOTYPES = YES;
				CLANG_WARN_SUSPICIOUS_MOVE = YES;
				CLANG_WARN_UNGUARDED_AVAILABILITY = YES_AGGRESSIVE;
				CLANG_WARN_UNREACHABLE_CODE = YES;
				CLANG_WARN__DUPLICATE_METHOD_MATCH = YES;
				COPY_PHASE_STRIP = NO;
				DEBUG_INFORMATION_FORMAT = dwarf;
				ENABLE_STRICT_OBJC_MSGSEND = YES;
				ENABLE_TESTABILITY = YES;
				GCC_C_LANGUAGE_STANDARD = gnu11;
				GCC_DYNAMIC_NO_PIC = NO;
				GCC_NO_COMMON_BLOCKS = YES;
				GCC_OPTIMIZATION_LEVEL = 0;
				GCC_PREPROCESSOR_DEFINITIONS = (
					"DEBUG=1",
					"$(inherited)",
				);
				GCC_WARN_64_TO_32_BIT_CONVERSION = YES;
				GCC_WARN_ABOUT_RETURN_TYPE = YES_ERROR;
				GCC_WARN_UNDECLARED_SELECTOR = YES;
				GCC_WARN_UNINITIALIZED_AUTOS = YES_AGGRESSIVE;
				GCC_WARN_UNUSED_FUNCTION = YES;
				GCC_WARN_UNUSED_VARIABLE = YES;
				IPHONEOS_DEPLOYMENT_TARGET = 15.5;
				MTL_ENABLE_DEBUG_INFO = INCLUDE_SOURCE;
				MTL_FAST_MATH = YES;
				ONLY_ACTIVE_ARCH = YES;
				SDKROOT = iphoneos;
				SWIFT_ACTIVE_COMPILATION_CONDITIONS = DEBUG;
				SWIFT_OPTIMIZATION_LEVEL = "-Onone";
			};
			name = Debug;
		};
		6DF7992F2C4DD9BE008ABD14 /* Release */ = {
			isa = XCBuildConfiguration;
			buildSettings = {
				ALWAYS_SEARCH_USER_PATHS = NO;
				CLANG_ANALYZER_NONNULL = YES;
				CLANG_ANALYZER_NUMBER_OBJECT_CONVERSION = YES_AGGRESSIVE;
				CLANG_CXX_LANGUAGE_STANDARD = "gnu++17";
				CLANG_ENABLE_MODULES = YES;
				CLANG_ENABLE_OBJC_ARC = YES;
				CLANG_ENABLE_OBJC_WEAK = YES;
				CLANG_WARN_BLOCK_CAPTURE_AUTORELEASING = YES;
				CLANG_WARN_BOOL_CONVERSION = YES;
				CLANG_WARN_COMMA = YES;
				CLANG_WARN_CONSTANT_CONVERSION = YES;
				CLANG_WARN_DEPRECATED_OBJC_IMPLEMENTATIONS = YES;
				CLANG_WARN_DIRECT_OBJC_ISA_USAGE = YES_ERROR;
				CLANG_WARN_DOCUMENTATION_COMMENTS = YES;
				CLANG_WARN_EMPTY_BODY = YES;
				CLANG_WARN_ENUM_CONVERSION = YES;
				CLANG_WARN_INFINITE_RECURSION = YES;
				CLANG_WARN_INT_CONVERSION = YES;
				CLANG_WARN_NON_LITERAL_NULL_CONVERSION = YES;
				CLANG_WARN_OBJC_IMPLICIT_RETAIN_SELF = YES;
				CLANG_WARN_OBJC_LITERAL_CONVERSION = YES;
				CLANG_WARN_OBJC_ROOT_CLASS = YES_ERROR;
				CLANG_WARN_QUOTED_INCLUDE_IN_FRAMEWORK_HEADER = YES;
				CLANG_WARN_RANGE_LOOP_ANALYSIS = YES;
				CLANG_WARN_STRICT_PROTOTYPES = YES;
				CLANG_WARN_SUSPICIOUS_MOVE = YES;
				CLANG_WARN_UNGUARDED_AVAILABILITY = YES_AGGRESSIVE;
				CLANG_WARN_UNREACHABLE_CODE = YES;
				CLANG_WARN__DUPLICATE_METHOD_MATCH = YES;
				COPY_PHASE_STRIP = NO;
				DEBUG_INFORMATION_FORMAT = "dwarf-with-dsym";
				ENABLE_NS_ASSERTIONS = NO;
				ENABLE_STRICT_OBJC_MSGSEND = YES;
				GCC_C_LANGUAGE_STANDARD = gnu11;
				GCC_NO_COMMON_BLOCKS = YES;
				GCC_WARN_64_TO_32_BIT_CONVERSION = YES;
				GCC_WARN_ABOUT_RETURN_TYPE = YES_ERROR;
				GCC_WARN_UNDECLARED_SELECTOR = YES;
				GCC_WARN_UNINITIALIZED_AUTOS = YES_AGGRESSIVE;
				GCC_WARN_UNUSED_FUNCTION = YES;
				GCC_WARN_UNUSED_VARIABLE = YES;
				IPHONEOS_DEPLOYMENT_TARGET = 15.5;
				MTL_ENABLE_DEBUG_INFO = NO;
				MTL_FAST_MATH = YES;
				SDKROOT = iphoneos;
				SWIFT_COMPILATION_MODE = wholemodule;
				SWIFT_OPTIMIZATION_LEVEL = "-O";
				VALIDATE_PRODUCT = YES;
			};
			name = Release;
		};
		6DF799312C4DD9BE008ABD14 /* Debug */ = {
			isa = XCBuildConfiguration;
			buildSettings = {
				ASSETCATALOG_COMPILER_APPICON_NAME = AppIcon;
				ASSETCATALOG_COMPILER_GLOBAL_ACCENT_COLOR_NAME = AccentColor;
				CODE_SIGN_STYLE = Automatic;
				CURRENT_PROJECT_VERSION = 1;
				DEVELOPMENT_TEAM = 8NNR6KZWMR;
				GENERATE_INFOPLIST_FILE = YES;
				INFOPLIST_FILE = "contact list/Info.plist";
				INFOPLIST_KEY_UIApplicationSupportsIndirectInputEvents = YES;
				INFOPLIST_KEY_UILaunchStoryboardName = LaunchScreen;
				INFOPLIST_KEY_UIMainStoryboardFile = Main;
				INFOPLIST_KEY_UISupportedInterfaceOrientations_iPad = "UIInterfaceOrientationPortrait UIInterfaceOrientationPortraitUpsideDown UIInterfaceOrientationLandscapeLeft UIInterfaceOrientationLandscapeRight";
				INFOPLIST_KEY_UISupportedInterfaceOrientations_iPhone = "UIInterfaceOrientationPortrait UIInterfaceOrientationLandscapeLeft UIInterfaceOrientationLandscapeRight";
				LD_RUNPATH_SEARCH_PATHS = (
					"$(inherited)",
					"@executable_path/Frameworks",
				);
				MARKETING_VERSION = 1.0;
				PRODUCT_BUNDLE_IDENTIFIER = "cpp.contact-list";
				PRODUCT_NAME = "$(TARGET_NAME)";
				SWIFT_EMIT_LOC_STRINGS = YES;
				SWIFT_VERSION = 5.0;
				TARGETED_DEVICE_FAMILY = "1,2";
			};
			name = Debug;
		};
		6DF799322C4DD9BE008ABD14 /* Release */ = {
			isa = XCBuildConfiguration;
			buildSettings = {
				ASSETCATALOG_COMPILER_APPICON_NAME = AppIcon;
				ASSETCATALOG_COMPILER_GLOBAL_ACCENT_COLOR_NAME = AccentColor;
				CODE_SIGN_STYLE = Automatic;
				CURRENT_PROJECT_VERSION = 1;
				DEVELOPMENT_TEAM = 8NNR6KZWMR;
				GENERATE_INFOPLIST_FILE = YES;
				INFOPLIST_FILE = "contact list/Info.plist";
				INFOPLIST_KEY_UIApplicationSupportsIndirectInputEvents = YES;
				INFOPLIST_KEY_UILaunchStoryboardName = LaunchScreen;
				INFOPLIST_KEY_UIMainStoryboardFile = Main;
				INFOPLIST_KEY_UISupportedInterfaceOrientations_iPad = "UIInterfaceOrientationPortrait UIInterfaceOrientationPortraitUpsideDown UIInterfaceOrientationLandscapeLeft UIInterfaceOrientationLandscapeRight";
				INFOPLIST_KEY_UISupportedInterfaceOrientations_iPhone = "UIInterfaceOrientationPortrait UIInterfaceOrientationLandscapeLeft UIInterfaceOrientationLandscapeRight";
				LD_RUNPATH_SEARCH_PATHS = (
					"$(inherited)",
					"@executable_path/Frameworks",
				);
				MARKETING_VERSION = 1.0;
				PRODUCT_BUNDLE_IDENTIFIER = "cpp.contact-list";
				PRODUCT_NAME = "$(TARGET_NAME)";
				SWIFT_EMIT_LOC_STRINGS = YES;
				SWIFT_VERSION = 5.0;
				TARGETED_DEVICE_FAMILY = "1,2";
			};
			name = Release;
		};
/* End XCBuildConfiguration section */

/* Begin XCConfigurationList section */
		6DF799172C4DD9BA008ABD14 /* Build configuration list for PBXProject "contact list" */ = {
			isa = XCConfigurationList;
			buildConfigurations = (
				6DF7992E2C4DD9BE008ABD14 /* Debug */,
				6DF7992F2C4DD9BE008ABD14 /* Release */,
			);
			defaultConfigurationIsVisible = 0;
			defaultConfigurationName = Release;
		};
		6DF799302C4DD9BE008ABD14 /* Build configuration list for PBXNativeTarget "contact list" */ = {
			isa = XCConfigurationList;
			buildConfigurations = (
				6DF799312C4DD9BE008ABD14 /* Debug */,
				6DF799322C4DD9BE008ABD14 /* Release */,
			);
			defaultConfigurationIsVisible = 0;
			defaultConfigurationName = Release;
		};
/* End XCConfigurationList section */
	};
	rootObject = 6DF799142C4DD9BA008ABD14 /* Project object */;
}
